
Microsoft Visual Studio Solution File, Format Version 12.00
# Visual Studio Version 16
VisualStudioVersion = 16.0.30717.126
MinimumVisualStudioVersion = 10.0.40219.1
Project("{8BC9CEB8-8B4A-11D0-8D11-00A0C91BC942}") = "LaborathoryWork3CIG", "LaborathoryWork3CIG.vcxproj", "{87C0AE1E-0960-4FC9-B011-7A797DC21E91}"
EndProject
Global
	GlobalSection(SolutionConfigurationPlatforms) = preSolution
		Debug|x64 = Debug|x64
		Debug|x86 = Debug|x86
		Release|x64 = Release|x64
		Release|x86 = Release|x86
	EndGlobalSection
	GlobalSection(ProjectConfigurationPlatforms) = postSolution
		{87C0AE1E-0960-4FC9-B011-7A797DC21E91}.Debug|x64.ActiveCfg = Debug|x64
		{87C0AE1E-0960-4FC9-B011-7A797DC21E91}.Debug|x64.Build.0 = Debug|x64
		{87C0AE1E-0960-4FC9-B011-7A797DC21E91}.Debug|x86.ActiveCfg = Debug|Win32
		{87C0AE1E-0960-4FC9-B011-7A797DC21E91}.Debug|x86.Build.0 = Debug|Win32
		{87C0AE1E-0960-4FC9-B011-7A797DC21E91}.Release|x64.ActiveCfg = Release|x64
		{87C0AE1E-0960-4FC9-B011-7A797DC21E91}.Release|x64.Build.0 = Release|x64
		{87C0AE1E-0960-4FC9-B011-7A797DC21E91}.Release|x86.ActiveCfg = Release|Win32
		{87C0AE1E-0960-4FC9-B011-7A797DC21E91}.Release|x86.Build.0 = Release|Win32
	EndGlobalSection
	GlobalSection(SolutionProperties) = preSolution
		HideSolutionNode = FALSE
	EndGlobalSection
	GlobalSection(ExtensibilityGlobals) = postSolution
		SolutionGuid = {4FF56ED3-7EF6-41A3-8650-04ADC6C6A844}
	EndGlobalSection
EndGlobal
